# This file is autogenerated, do not edit; changes may be undone by the next 'dep ensure'.


[[projects]]
  branch = "master"
  name = "github.com/BurntSushi/toml"
  packages = ["."]
  revision = "8b58b6030fce084b58a61e2bc3fdf183d5881ab4"

[[projects]]
  branch = "master"
  name = "github.com/Joker/jade"
  packages = ["."]
  revision = "35b3f5bdbcc920cd31f4870536dbc63be8530541"

[[projects]]
  branch = "master"
  name = "github.com/Unknwon/i18n"
  packages = ["."]
  revision = "8372b908b5876d26cfa46a85fc4851b981dad102"

[[projects]]
  name = "github.com/ajg/form"
  packages = ["."]
  revision = "cc2954064ec9ea8d93917f0f87456e11d7b881ad"
  version = "v1.5"

[[projects]]
  branch = "master"
  name = "github.com/aymerick/raymond"
  packages = [".","ast","lexer","parser"]
  revision = "72acac2207479d21dd45898c2a4264246c818148"

[[projects]]
  name = "github.com/davecgh/go-spew"
  packages = ["spew"]
  revision = "346938d642f2ec3594ed81d874461961cd0faa76"
  version = "v1.1.0"

[[projects]]
  branch = "master"
  name = "github.com/eknkc/amber"
  packages = [".","parser"]
  revision = "5fa7895500976542b0e28bb266f42ff1c7ce07f5"

[[projects]]
  branch = "master"
  name = "github.com/esemplastic/unis"
  packages = [".","logger"]
  revision = "6e30ed034e8cb31227b24057d030fdd0261bcfc6"

[[projects]]
  name = "github.com/fatih/structs"
  packages = ["."]
  revision = "a720dfa8df582c51dee1b36feabb906bde1588bd"
  version = "v1.0"

[[projects]]
  branch = "master"
  name = "github.com/flosch/pongo2"
  packages = ["."]
  revision = "1d0f0d3af150c4a65dfd424d742f7374819e7d29"

[[projects]]
  name = "github.com/garyburd/redigo"
  packages = ["internal","redis"]
  revision = "433969511232c397de61b1442f9fd49ec06ae9ba"
  version = "v1.1.0"

[[projects]]
  branch = "master"
  name = "github.com/gavv/monotime"
  packages = ["."]
  revision = "47d58efa69556a936a3c15eb2ed42706d968ab01"

[[projects]]
  branch = "master"
  name = "github.com/google/go-querystring"
  packages = ["query"]
  revision = "53e6ce116135b80d037921a7fdd5138cf32d7a8a"

[[projects]]
  name = "github.com/gorilla/websocket"
  packages = ["."]
  revision = "3ab3a8b8831546bd18fd182c20687ca853b2bb13"
  version = "v1.1.0"

[[projects]]
  name = "github.com/imdario/mergo"
  packages = ["."]
  revision = "3e95a51e0639b4cf372f2ccf74c86749d747fbdc"
  version = "0.2.2"

[[projects]]
  name = "github.com/imkira/go-interpol"
  packages = ["."]
  revision = "5accad8134979a6ac504d456a6c7f1c53da237ca"
  version = "v1.1.0"

[[projects]]
  branch = "master"
  name = "github.com/iris-contrib/httpexpect"
  packages = ["."]
  revision = "b6aa3332b2c006510bd4f4978f1c28354a61bb4d"

[[projects]]
  branch = "master"
  name = "github.com/juju/errors"
  packages = ["."]
  revision = "a3edbf48b75d756b79f3abb22bfc8a56e349081f"

[[projects]]
  branch = "master"
  name = "github.com/klauspost/compress"
  packages = ["flate","gzip"]
  revision = "f3dce52e0576655d55fd69e74b63da96ad1108f3"

[[projects]]
  name = "github.com/klauspost/cpuid"
  packages = ["."]
  revision = "09cded8978dc9e80714c4d85b0322337b0a1e5e0"
  version = "v1.0"

[[projects]]
  branch = "master"
  name = "github.com/microcosm-cc/bluemonday"
  packages = ["."]
  revision = "e79763773ab6222ca1d5a7cbd9d62d83c1f77081"

[[projects]]
  branch = "master"
  name = "github.com/monoculum/formam"
  packages = ["."]
  revision = "99ca9dcbaca6d91e9665f817d0da23af6184ced3"

[[projects]]
  branch = "master"
  name = "github.com/moul/http2curl"
  packages = ["."]
  revision = "4e24498b31dba4683efb9d35c1c8a91e2eda28c8"

[[projects]]
  name = "github.com/pmezard/go-difflib"
  packages = ["difflib"]
  revision = "792786c7400a136282c1664665ae0a8db921c6c2"
  version = "v1.0.0"

[[projects]]
  branch = "master"
  name = "github.com/russross/blackfriday"
  packages = ["."]
  revision = "067529f716f4c3f5e37c8c95ddd59df1007290ae"

[[projects]]
  branch = "master"
  name = "github.com/satori/go.uuid"
  packages = ["."]
  revision = "5bf94b69c6b68ee1b541973bb8e1144db23a194b"

[[projects]]
  branch = "master"
  name = "github.com/sergi/go-diff"
  packages = ["diffmatchpatch"]
  revision = "feef008d51ad2b3778f85d387ccf91735543008d"

[[projects]]
  name = "github.com/stretchr/testify"
  packages = ["assert","require"]
  revision = "69483b4bd14f5845b5a1e55bca19e954e827f1d0"
  version = "v1.1.4"

[[projects]]
  branch = "master"
  name = "github.com/valyala/bytebufferpool"
  packages = ["."]
  revision = "e746df99fe4a3986f4d4f79e13c1e0117ce9c2f7"

[[projects]]
  branch = "master"
  name = "github.com/xeipuuv/gojsonpointer"
  packages = ["."]
  revision = "6fe8760cad3569743d51ddbb243b26f8456742dc"

[[projects]]
  branch = "master"
  name = "github.com/xeipuuv/gojsonreference"
  packages = ["."]
  revision = "e02fc20de94c78484cd5ffb007f8af96be030a45"

[[projects]]
  branch = "master"
  name = "github.com/xeipuuv/gojsonschema"
  packages = ["."]
  revision = "0c8571ac0ce161a5feb57375a9cdf148c98c0f70"

[[projects]]
  branch = "master"
  name = "github.com/yalp/jsonpath"
  packages = ["."]
  revision = "31a79c7593bb93eb10b163650d4a3e6ca190e4dc"

[[projects]]
  name = "github.com/yudai/gojsondiff"
  packages = [".","formatter"]
  revision = "7b1b7adf999dab73a6eb02669c3d82dbb27a3dd6"
  version = "1.0.0"

[[projects]]
  branch = "master"
  name = "github.com/yudai/golcs"
  packages = ["."]
  revision = "ecda9a501e8220fae3b4b600c3db4b0ba22cfc68"

[[projects]]
  branch = "master"
  name = "golang.org/x/crypto"
  packages = ["acme","acme/autocert"]
  revision = "adbae1b6b6fb4b02448a0fc0dbbc9ba2b95b294d"

[[projects]]
  branch = "master"
  name = "golang.org/x/net"
  packages = ["html","html/atom","idna","publicsuffix"]
  revision = "5f8847ae0d0e90b6a9dc8148e7ad616874625171"

[[projects]]
  branch = "master"
  name = "golang.org/x/text"
  packages = ["internal/gen","internal/triegen","internal/ucd","secure/bidirule","transform","unicode/bidi","unicode/cldr","unicode/norm","unicode/rangetable"]
  revision = "4e9ab9ee170f2a39bd66c92b3e0a47ff47a4bc77"

[[projects]]
  name = "gopkg.in/go-siris/tcplisten.v1"
  packages = ["."]
  revision = "5e007ba2ce3590d49eb170597c65b0b5e3149873"
  version = "v1.0.4"

[[projects]]
  name = "gopkg.in/ini.v1"
  packages = ["."]
  revision = "d3de07a94d22b4a0972deb4b96d790c2c0ce8333"
  version = "v1.28.0"

[[projects]]
  branch = "v2"
  name = "gopkg.in/yaml.v2"
  packages = ["."]
  revision = "cd8b52f8269e0feb286dfeef29f8fe4d5b397e0b"

[solve-meta]
  analyzer-name = "dep"
  analyzer-version = 1
  inputs-digest = "23e02c453b87f0b38409a0bc6a0c4a2287200db051b05669b003d778c238d17e"
  solver-name = "gps-cdcl"
  solver-version = 1
